
Microsoft Visual Studio Solution File, Format Version 12.00
# Visual Studio Version 16
VisualStudioVersion = 16.0.30711.63
MinimumVisualStudioVersion = 10.0.40219.1
Project("{FAE04EC0-301F-11D3-BF4B-00C04F79EFBC}") = "MyVetCenter.Data", "MyVetCenter.Data\MyVetCenter.Data.csproj", "{024DD3A8-7CB9-4D20-A11B-85DCE3C545FF}"
EndProject
Project("{FAE04EC0-301F-11D3-BF4B-00C04F79EFBC}") = "MyVetCenter.CLI", "MyVetCenter.CLI\MyVetCenter.CLI.csproj", "{855764EE-1941-4784-AD66-C8C2FB0ACF24}"
EndProject
Global
	GlobalSection(SolutionConfigurationPlatforms) = preSolution
		Debug|Any CPU = Debug|Any CPU
		Release|Any CPU = Release|Any CPU
	EndGlobalSection
	GlobalSection(ProjectConfigurationPlatforms) = postSolution
		{024DD3A8-7CB9-4D20-A11B-85DCE3C545FF}.Debug|Any CPU.ActiveCfg = Debug|Any CPU
		{024DD3A8-7CB9-4D20-A11B-85DCE3C545FF}.Debug|Any CPU.Build.0 = Debug|Any CPU
		{024DD3A8-7CB9-4D20-A11B-85DCE3C545FF}.Release|Any CPU.ActiveCfg = Release|Any CPU
		{024DD3A8-7CB9-4D20-A11B-85DCE3C545FF}.Release|Any CPU.Build.0 = Release|Any CPU
		{855764EE-1941-4784-AD66-C8C2FB0ACF24}.Debug|Any CPU.ActiveCfg = Debug|Any CPU
		{855764EE-1941-4784-AD66-C8C2FB0ACF24}.Debug|Any CPU.Build.0 = Debug|Any CPU
		{855764EE-1941-4784-AD66-C8C2FB0ACF24}.Release|Any CPU.ActiveCfg = Release|Any CPU
		{855764EE-1941-4784-AD66-C8C2FB0ACF24}.Release|Any CPU.Build.0 = Release|Any CPU
	EndGlobalSection
	GlobalSection(SolutionProperties) = preSolution
		HideSolutionNode = FALSE
	EndGlobalSection
	GlobalSection(ExtensibilityGlobals) = postSolution
		SolutionGuid = {EB0ED14B-7BF2-41EA-BDE3-8858EE660F45}
	EndGlobalSection
EndGlobal
